{
  "nodes": {
    "flake-utils": {
      "locked": {
        "lastModified": 1618217525,
        "narHash": "sha256-WGrhVczjXTiswQaoxQ+0PTfbLNeOQM6M36zvLn78AYg=",
        "owner": "numtide",
        "repo": "flake-utils",
        "rev": "c6169a2772643c4a93a0b5ac1c61e296cba68544",
        "type": "github"
      },
      "original": {
        "owner": "numtide",
        "repo": "flake-utils",
        "type": "github"
      }
    },
    "nixpkgs": {
      "locked": {
        "lastModified": 1618257402,
        "narHash": "sha256-O+pa8yg553y17SiO/IdhGAFv5lzugA1t+q0OKu/zygI=",
        "owner": "NixOS",
        "repo": "nixpkgs",
        "rev": "0c896e754d968655826d4eeb319dde68cfb33b39",
        "type": "github"
      },
      "original": {
        "id": "nixpkgs",
        "type": "indirect"
      }
    },
    "root": {
      "inputs": {
        "flake-utils": "flake-utils",
        "nixpkgs": "nixpkgs",
        "sbt-derivation": "sbt-derivation"
      }
    },
    "sbt-derivation": {
      "locked": {
        "lastModified": 1617466857,
        "narHash": "sha256-Z7eWMLreLtiSiJ3nWDWBy1w9WNEFexkYCgT/dWZF7yo=",
        "owner": "zaninime",
        "repo": "sbt-derivation",
        "rev": "920b6f187937493371e2b1687261017e6e014cf1",
        "type": "github"
      },
      "original": {
        "owner": "zaninime",
        "repo": "sbt-derivation",
        "type": "github"
      }
    }
  },
  "root": "root",
  "version": 7
}
