{
  "nodes": {
    "flake-utils": {
      "locked": {
        "lastModified": 1614513358,
        "narHash": "sha256-LakhOx3S1dRjnh0b5Dg3mbZyH0ToC9I8Y2wKSkBaTzU=",
        "owner": "numtide",
        "repo": "flake-utils",
        "rev": "5466c5bbece17adaab2d82fae80b46e807611bf3",
        "type": "github"
      },
      "original": {
        "owner": "numtide",
        "repo": "flake-utils",
        "type": "github"
      }
    },
    "nixpkgs": {
      "locked": {
        "lastModified": 1617446664,
        "narHash": "sha256-uCoNrNOIIHAo2GH804YV1bbIDgeHMEg/rFEF/OeOxx8=",
        "owner": "NixOS",
        "repo": "nixpkgs",
        "rev": "8442c216af8ce966796d3096e5ef21b1f20887fb",
        "type": "github"
      },
      "original": {
        "id": "nixpkgs",
        "type": "indirect"
      }
    },
    "root": {
      "inputs": {
        "flake-utils": "flake-utils",
        "nixpkgs": "nixpkgs",
        "sbt-derivation": "sbt-derivation"
      }
    },
    "sbt-derivation": {
      "locked": {
        "lastModified": 1617456841,
        "narHash": "sha256-Z7eWMLreLtiSiJ3nWDWBy1w9WNEFexkYCgT/dWZF7yo=",
        "owner": "liff",
        "repo": "sbt-derivation",
        "rev": "e166456210d9860f6c3818393dc4c9c102ca3e14",
        "type": "github"
      },
      "original": {
        "owner": "liff",
        "ref": "use-findutils",
        "repo": "sbt-derivation",
        "type": "github"
      }
    }
  },
  "root": "root",
  "version": 7
}
